
Microsoft Visual Studio Solution File, Format Version 12.00
# Visual Studio Version 16
VisualStudioVersion = 16.0.29709.97
MinimumVisualStudioVersion = 10.0.40219.1
Project("{FAE04EC0-301F-11D3-BF4B-00C04F79EFBC}") = "RainbowTag", "RainbowTag\RainbowTag.csproj", "{B3961A1F-EEE6-47AE-8AF8-DFD5AA8684DC}"
EndProject
Global
	GlobalSection(SolutionConfigurationPlatforms) = preSolution
		Debug|Any CPU = Debug|Any CPU
		Release|Any CPU = Release|Any CPU
	EndGlobalSection
	GlobalSection(ProjectConfigurationPlatforms) = postSolution
		{B3961A1F-EEE6-47AE-8AF8-DFD5AA8684DC}.Debug|Any CPU.ActiveCfg = Debug|Any CPU
		{B3961A1F-EEE6-47AE-8AF8-DFD5AA8684DC}.Debug|Any CPU.Build.0 = Debug|Any CPU
		{B3961A1F-EEE6-47AE-8AF8-DFD5AA8684DC}.Release|Any CPU.ActiveCfg = Release|Any CPU
		{B3961A1F-EEE6-47AE-8AF8-DFD5AA8684DC}.Release|Any CPU.Build.0 = Release|Any CPU
	EndGlobalSection
	GlobalSection(SolutionProperties) = preSolution
		HideSolutionNode = FALSE
	EndGlobalSection
	GlobalSection(ExtensibilityGlobals) = postSolution
		SolutionGuid = {8290E298-782F-461B-8B65-B60BFEDABE44}
	EndGlobalSection
EndGlobal
